
Microsoft Visual Studio Solution File, Format Version 12.00
# Visual Studio 2012
Project("{FAE04EC0-301F-11D3-BF4B-00C04F79EFBC}") = "tracksStackd", "tracksStackd\tracksStackd.csproj", "{31AA62BE-A4B7-4D25-B55B-31438D4DCEBA}"
EndProject
Project("{FAE04EC0-301F-11D3-BF4B-00C04F79EFBC}") = "tracks.shell", "tracks.shell\tracks.shell.csproj", "{FC5D717D-106D-400F-810C-32762484933E}"
EndProject
Project("{FAE04EC0-301F-11D3-BF4B-00C04F79EFBC}") = "tracksStackd.Tests", "tracksStackd.Tests\tracksStackd.Tests.csproj", "{8193078E-5498-4740-8104-CECC5E8E34F2}"
EndProject
Project("{FAE04EC0-301F-11D3-BF4B-00C04F79EFBC}") = "tracksService", "tracksService\tracksService.csproj", "{71C87353-3B11-44AB-ABB4-FF2C51471864}"
EndProject
Project("{2150E333-8FDC-42A3-9474-1A3956D46DE8}") = ".nuget", ".nuget", "{DBFC3BA7-254B-4A33-B1F7-D291A6DF0536}"
	ProjectSection(SolutionItems) = preProject
		.nuget\packages.config = .nuget\packages.config
	EndProjectSection
EndProject
Global
	GlobalSection(SolutionConfigurationPlatforms) = preSolution
		Debug|Any CPU = Debug|Any CPU
		Release|Any CPU = Release|Any CPU
	EndGlobalSection
	GlobalSection(ProjectConfigurationPlatforms) = postSolution
		{31AA62BE-A4B7-4D25-B55B-31438D4DCEBA}.Debug|Any CPU.ActiveCfg = Debug|Any CPU
		{31AA62BE-A4B7-4D25-B55B-31438D4DCEBA}.Debug|Any CPU.Build.0 = Debug|Any CPU
		{31AA62BE-A4B7-4D25-B55B-31438D4DCEBA}.Release|Any CPU.ActiveCfg = Release|Any CPU
		{31AA62BE-A4B7-4D25-B55B-31438D4DCEBA}.Release|Any CPU.Build.0 = Release|Any CPU
		{FC5D717D-106D-400F-810C-32762484933E}.Debug|Any CPU.ActiveCfg = Debug|Any CPU
		{FC5D717D-106D-400F-810C-32762484933E}.Debug|Any CPU.Build.0 = Debug|Any CPU
		{FC5D717D-106D-400F-810C-32762484933E}.Release|Any CPU.ActiveCfg = Release|Any CPU
		{FC5D717D-106D-400F-810C-32762484933E}.Release|Any CPU.Build.0 = Release|Any CPU
		{8193078E-5498-4740-8104-CECC5E8E34F2}.Debug|Any CPU.ActiveCfg = Debug|Any CPU
		{8193078E-5498-4740-8104-CECC5E8E34F2}.Debug|Any CPU.Build.0 = Debug|Any CPU
		{8193078E-5498-4740-8104-CECC5E8E34F2}.Release|Any CPU.ActiveCfg = Release|Any CPU
		{8193078E-5498-4740-8104-CECC5E8E34F2}.Release|Any CPU.Build.0 = Release|Any CPU
		{71C87353-3B11-44AB-ABB4-FF2C51471864}.Debug|Any CPU.ActiveCfg = Debug|Any CPU
		{71C87353-3B11-44AB-ABB4-FF2C51471864}.Debug|Any CPU.Build.0 = Debug|Any CPU
		{71C87353-3B11-44AB-ABB4-FF2C51471864}.Release|Any CPU.ActiveCfg = Release|Any CPU
		{71C87353-3B11-44AB-ABB4-FF2C51471864}.Release|Any CPU.Build.0 = Release|Any CPU
	EndGlobalSection
	GlobalSection(SolutionProperties) = preSolution
		HideSolutionNode = FALSE
	EndGlobalSection
EndGlobal
